// !$*UTF8*$!
{
	archiveVersion = 1;
	classes = {
	};
	objectVersion = 56;
	objects = {

/* Begin PBXBuildFile section */
		710820362ACCF6310062E8FD /* Budget_AppApp.swift in Sources */ = {isa = PBXBuildFile; fileRef = 710820352ACCF6310062E8FD /* Budget_AppApp.swift */; };
		710820382ACCF6310062E8FD /* PurpleHeaderBackground.swift in Sources */ = {isa = PBXBuildFile; fileRef = 710820372ACCF6310062E8FD /* PurpleHeaderBackground.swift */; };
		7108203A2ACCF6330062E8FD /* Assets.xcassets in Resources */ = {isa = PBXBuildFile; fileRef = 710820392ACCF6330062E8FD /* Assets.xcassets */; };
		7108203D2ACCF6330062E8FD /* Preview Assets.xcassets in Resources */ = {isa = PBXBuildFile; fileRef = 7108203C2ACCF6330062E8FD /* Preview Assets.xcassets */; };
		710820442ACD06210062E8FD /* DatePickerView.swift in Sources */ = {isa = PBXBuildFile; fileRef = 710820432ACD06210062E8FD /* DatePickerView.swift */; };
		710820462ACD0A2A0062E8FD /* ViewExtensions.swift in Sources */ = {isa = PBXBuildFile; fileRef = 710820452ACD0A2A0062E8FD /* ViewExtensions.swift */; };
		7108204A2ACD1A950062E8FD /* ContentView.swift in Sources */ = {isa = PBXBuildFile; fileRef = 710820492ACD1A950062E8FD /* ContentView.swift */; };
		7108204C2ACD1D6C0062E8FD /* StatusHeadlineView.swift in Sources */ = {isa = PBXBuildFile; fileRef = 7108204B2ACD1D6C0062E8FD /* StatusHeadlineView.swift */; };
		7108204E2ACD20DE0062E8FD /* Categories.swift in Sources */ = {isa = PBXBuildFile; fileRef = 7108204D2ACD20DE0062E8FD /* Categories.swift */; };
		710820502ACD25680062E8FD /* CategoryCardView.swift in Sources */ = {isa = PBXBuildFile; fileRef = 7108204F2ACD25680062E8FD /* CategoryCardView.swift */; };
		710820522ACD2F690062E8FD /* MultiSegmentProgressBar.swift in Sources */ = {isa = PBXBuildFile; fileRef = 710820512ACD2F690062E8FD /* MultiSegmentProgressBar.swift */; };
		710820572ACE1B7C0062E8FD /* TrendsView.swift in Sources */ = {isa = PBXBuildFile; fileRef = 710820562ACE1B7C0062E8FD /* TrendsView.swift */; };
		710820592ACE1B9E0062E8FD /* Transactions.swift in Sources */ = {isa = PBXBuildFile; fileRef = 710820582ACE1B9E0062E8FD /* Transactions.swift */; };
		7108205B2ACE1BB40062E8FD /* Transportation.swift in Sources */ = {isa = PBXBuildFile; fileRef = 7108205A2ACE1BB40062E8FD /* Transportation.swift */; };
		7108205D2ACE1BD40062E8FD /* Education.swift in Sources */ = {isa = PBXBuildFile; fileRef = 7108205C2ACE1BD40062E8FD /* Education.swift */; };
		7108205F2ACE1BEF0062E8FD /* Community.swift in Sources */ = {isa = PBXBuildFile; fileRef = 7108205E2ACE1BEF0062E8FD /* Community.swift */; };
		710820612ACE1BFA0062E8FD /* Profile.swift in Sources */ = {isa = PBXBuildFile; fileRef = 710820602ACE1BFA0062E8FD /* Profile.swift */; };
		710820652ACE1D4D0062E8FD /* HomeView.swift in Sources */ = {isa = PBXBuildFile; fileRef = 710820642ACE1D4D0062E8FD /* HomeView.swift */; };
		710820672ACE20B10062E8FD /* DetailView.swift in Sources */ = {isa = PBXBuildFile; fileRef = 710820662ACE20B10062E8FD /* DetailView.swift */; };
		710820692ACE553A0062E8FD /* AddTransactionView.swift in Sources */ = {isa = PBXBuildFile; fileRef = 710820682ACE553A0062E8FD /* AddTransactionView.swift */; };
		7108206E2ACE6ADB0062E8FD /* CategoriesViewModel.swift in Sources */ = {isa = PBXBuildFile; fileRef = 7108206D2ACE6ADB0062E8FD /* CategoriesViewModel.swift */; };
		710820702ACE85DF0062E8FD /* AddCategoryView.swift in Sources */ = {isa = PBXBuildFile; fileRef = 7108206F2ACE85DF0062E8FD /* AddCategoryView.swift */; };
/* End PBXBuildFile section */

/* Begin PBXFileReference section */
		710820322ACCF6310062E8FD /* Budget App.app */ = {isa = PBXFileReference; explicitFileType = wrapper.application; includeInIndex = 0; path = "Budget App.app"; sourceTree = BUILT_PRODUCTS_DIR; };
		710820352ACCF6310062E8FD /* Budget_AppApp.swift */ = {isa = PBXFileReference; lastKnownFileType = sourcecode.swift; path = Budget_AppApp.swift; sourceTree = "<group>"; };
		710820372ACCF6310062E8FD /* PurpleHeaderBackground.swift */ = {isa = PBXFileReference; lastKnownFileType = sourcecode.swift; path = PurpleHeaderBackground.swift; sourceTree = "<group>"; };
		710820392ACCF6330062E8FD /* Assets.xcassets */ = {isa = PBXFileReference; lastKnownFileType = folder.assetcatalog; path = Assets.xcassets; sourceTree = "<group>"; };
		7108203C2ACCF6330062E8FD /* Preview Assets.xcassets */ = {isa = PBXFileReference; lastKnownFileType = folder.assetcatalog; path = "Preview Assets.xcassets"; sourceTree = "<group>"; };
		710820432ACD06210062E8FD /* DatePickerView.swift */ = {isa = PBXFileReference; lastKnownFileType = sourcecode.swift; path = DatePickerView.swift; sourceTree = "<group>"; };
		710820452ACD0A2A0062E8FD /* ViewExtensions.swift */ = {isa = PBXFileReference; lastKnownFileType = sourcecode.swift; path = ViewExtensions.swift; sourceTree = "<group>"; };
		710820492ACD1A950062E8FD /* ContentView.swift */ = {isa = PBXFileReference; lastKnownFileType = sourcecode.swift; path = ContentView.swift; sourceTree = "<group>"; };
		7108204B2ACD1D6C0062E8FD /* StatusHeadlineView.swift */ = {isa = PBXFileReference; lastKnownFileType = sourcecode.swift; path = StatusHeadlineView.swift; sourceTree = "<group>"; };
		7108204D2ACD20DE0062E8FD /* Categories.swift */ = {isa = PBXFileReference; lastKnownFileType = sourcecode.swift; path = Categories.swift; sourceTree = "<group>"; };
		7108204F2ACD25680062E8FD /* CategoryCardView.swift */ = {isa = PBXFileReference; lastKnownFileType = sourcecode.swift; path = CategoryCardView.swift; sourceTree = "<group>"; };
		710820512ACD2F690062E8FD /* MultiSegmentProgressBar.swift */ = {isa = PBXFileReference; lastKnownFileType = sourcecode.swift; path = MultiSegmentProgressBar.swift; sourceTree = "<group>"; };
		710820562ACE1B7C0062E8FD /* TrendsView.swift */ = {isa = PBXFileReference; lastKnownFileType = sourcecode.swift; path = TrendsView.swift; sourceTree = "<group>"; };
		710820582ACE1B9E0062E8FD /* Transactions.swift */ = {isa = PBXFileReference; lastKnownFileType = sourcecode.swift; path = Transactions.swift; sourceTree = "<group>"; };
		7108205A2ACE1BB40062E8FD /* Transportation.swift */ = {isa = PBXFileReference; lastKnownFileType = sourcecode.swift; path = Transportation.swift; sourceTree = "<group>"; };
		7108205C2ACE1BD40062E8FD /* Education.swift */ = {isa = PBXFileReference; lastKnownFileType = sourcecode.swift; path = Education.swift; sourceTree = "<group>"; };
		7108205E2ACE1BEF0062E8FD /* Community.swift */ = {isa = PBXFileReference; lastKnownFileType = sourcecode.swift; path = Community.swift; sourceTree = "<group>"; };
		710820602ACE1BFA0062E8FD /* Profile.swift */ = {isa = PBXFileReference; lastKnownFileType = sourcecode.swift; path = Profile.swift; sourceTree = "<group>"; };
		710820642ACE1D4D0062E8FD /* HomeView.swift */ = {isa = PBXFileReference; lastKnownFileType = sourcecode.swift; path = HomeView.swift; sourceTree = "<group>"; };
		710820662ACE20B10062E8FD /* DetailView.swift */ = {isa = PBXFileReference; lastKnownFileType = sourcecode.swift; path = DetailView.swift; sourceTree = "<group>"; };
		710820682ACE553A0062E8FD /* AddTransactionView.swift */ = {isa = PBXFileReference; lastKnownFileType = sourcecode.swift; path = AddTransactionView.swift; sourceTree = "<group>"; };
		7108206D2ACE6ADB0062E8FD /* CategoriesViewModel.swift */ = {isa = PBXFileReference; lastKnownFileType = sourcecode.swift; path = CategoriesViewModel.swift; sourceTree = "<group>"; };
		7108206F2ACE85DF0062E8FD /* AddCategoryView.swift */ = {isa = PBXFileReference; lastKnownFileType = sourcecode.swift; path = AddCategoryView.swift; sourceTree = "<group>"; };
/* End PBXFileReference section */

/* Begin PBXFrameworksBuildPhase section */
		7108202F2ACCF6310062E8FD /* Frameworks */ = {
			isa = PBXFrameworksBuildPhase;
			buildActionMask = 2147483647;
			files = (
			);
			runOnlyForDeploymentPostprocessing = 0;
		};
/* End PBXFrameworksBuildPhase section */

/* Begin PBXGroup section */
		710820292ACCF6310062E8FD = {
			isa = PBXGroup;
			children = (
				710820342ACCF6310062E8FD /* Budget App */,
				710820332ACCF6310062E8FD /* Products */,
			);
			sourceTree = "<group>";
		};
		710820332ACCF6310062E8FD /* Products */ = {
			isa = PBXGroup;
			children = (
				710820322ACCF6310062E8FD /* Budget App.app */,
			);
			name = Products;
			sourceTree = "<group>";
		};
		710820342ACCF6310062E8FD /* Budget App */ = {
			isa = PBXGroup;
			children = (
				710820352ACCF6310062E8FD /* Budget_AppApp.swift */,
				710820532ACE1B310062E8FD /* Views */,
				710820542ACE1B4C0062E8FD /* Models */,
				710820492ACD1A950062E8FD /* ContentView.swift */,
				710820392ACCF6330062E8FD /* Assets.xcassets */,
				7108203B2ACCF6330062E8FD /* Preview Content */,
			);
			path = "Budget App";
			sourceTree = "<group>";
		};
		7108203B2ACCF6330062E8FD /* Preview Content */ = {
			isa = PBXGroup;
			children = (
				7108203C2ACCF6330062E8FD /* Preview Assets.xcassets */,
			);
			path = "Preview Content";
			sourceTree = "<group>";
		};
		710820532ACE1B310062E8FD /* Views */ = {
			isa = PBXGroup;
			children = (
				7108204B2ACD1D6C0062E8FD /* StatusHeadlineView.swift */,
				710820642ACE1D4D0062E8FD /* HomeView.swift */,
				710820682ACE553A0062E8FD /* AddTransactionView.swift */,
				710820662ACE20B10062E8FD /* DetailView.swift */,
				710820372ACCF6310062E8FD /* PurpleHeaderBackground.swift */,
				710820432ACD06210062E8FD /* DatePickerView.swift */,
				7108204F2ACD25680062E8FD /* CategoryCardView.swift */,
				710820512ACD2F690062E8FD /* MultiSegmentProgressBar.swift */,
				710820552ACE1B620062E8FD /* Helpers */,
				710820632ACE1C7D0062E8FD /* PlaceholderViews */,
			);
			path = Views;
			sourceTree = "<group>";
		};
		710820542ACE1B4C0062E8FD /* Models */ = {
			isa = PBXGroup;
			children = (
				7108204D2ACD20DE0062E8FD /* Categories.swift */,
				7108206F2ACE85DF0062E8FD /* AddCategoryView.swift */,
				7108206D2ACE6ADB0062E8FD /* CategoriesViewModel.swift */,
			);
			path = Models;
			sourceTree = "<group>";
		};
		710820552ACE1B620062E8FD /* Helpers */ = {
			isa = PBXGroup;
			children = (
				710820452ACD0A2A0062E8FD /* ViewExtensions.swift */,
			);
			path = Helpers;
			sourceTree = "<group>";
		};
		710820632ACE1C7D0062E8FD /* PlaceholderViews */ = {
			isa = PBXGroup;
			children = (
				7108205E2ACE1BEF0062E8FD /* Community.swift */,
				7108205C2ACE1BD40062E8FD /* Education.swift */,
				7108205A2ACE1BB40062E8FD /* Transportation.swift */,
				710820582ACE1B9E0062E8FD /* Transactions.swift */,
				710820562ACE1B7C0062E8FD /* TrendsView.swift */,
				710820602ACE1BFA0062E8FD /* Profile.swift */,
			);
			path = PlaceholderViews;
			sourceTree = "<group>";
		};
/* End PBXGroup section */

/* Begin PBXNativeTarget section */
		710820312ACCF6310062E8FD /* Budget App */ = {
			isa = PBXNativeTarget;
			buildConfigurationList = 710820402ACCF6330062E8FD /* Build configuration list for PBXNativeTarget "Budget App" */;
			buildPhases = (
				7108202E2ACCF6310062E8FD /* Sources */,
				7108202F2ACCF6310062E8FD /* Frameworks */,
				710820302ACCF6310062E8FD /* Resources */,
			);
			buildRules = (
			);
			dependencies = (
			);
			name = "Budget App";
			productName = "Budget App";
			productReference = 710820322ACCF6310062E8FD /* Budget App.app */;
			productType = "com.apple.product-type.application";
		};
/* End PBXNativeTarget section */

/* Begin PBXProject section */
		7108202A2ACCF6310062E8FD /* Project object */ = {
			isa = PBXProject;
			attributes = {
				BuildIndependentTargetsInParallel = 1;
				LastSwiftUpdateCheck = 1500;
				LastUpgradeCheck = 1500;
				TargetAttributes = {
					710820312ACCF6310062E8FD = {
						CreatedOnToolsVersion = 15.0;
					};
				};
			};
			buildConfigurationList = 7108202D2ACCF6310062E8FD /* Build configuration list for PBXProject "Budget App" */;
			compatibilityVersion = "Xcode 14.0";
			developmentRegion = en;
			hasScannedForEncodings = 0;
			knownRegions = (
				en,
				Base,
			);
			mainGroup = 710820292ACCF6310062E8FD;
			productRefGroup = 710820332ACCF6310062E8FD /* Products */;
			projectDirPath = "";
			projectRoot = "";
			targets = (
				710820312ACCF6310062E8FD /* Budget App */,
			);
		};
/* End PBXProject section */

/* Begin PBXResourcesBuildPhase section */
		710820302ACCF6310062E8FD /* Resources */ = {
			isa = PBXResourcesBuildPhase;
			buildActionMask = 2147483647;
			files = (
				7108203D2ACCF6330062E8FD /* Preview Assets.xcassets in Resources */,
				7108203A2ACCF6330062E8FD /* Assets.xcassets in Resources */,
			);
			runOnlyForDeploymentPostprocessing = 0;
		};
/* End PBXResourcesBuildPhase section */

/* Begin PBXSourcesBuildPhase section */
		7108202E2ACCF6310062E8FD /* Sources */ = {
			isa = PBXSourcesBuildPhase;
			buildActionMask = 2147483647;
			files = (
				710820572ACE1B7C0062E8FD /* TrendsView.swift in Sources */,
				710820612ACE1BFA0062E8FD /* Profile.swift in Sources */,
				710820672ACE20B10062E8FD /* DetailView.swift in Sources */,
				710820382ACCF6310062E8FD /* PurpleHeaderBackground.swift in Sources */,
				7108205D2ACE1BD40062E8FD /* Education.swift in Sources */,
				7108204E2ACD20DE0062E8FD /* Categories.swift in Sources */,
				7108205B2ACE1BB40062E8FD /* Transportation.swift in Sources */,
				7108205F2ACE1BEF0062E8FD /* Community.swift in Sources */,
				7108204A2ACD1A950062E8FD /* ContentView.swift in Sources */,
				710820522ACD2F690062E8FD /* MultiSegmentProgressBar.swift in Sources */,
				710820592ACE1B9E0062E8FD /* Transactions.swift in Sources */,
				7108204C2ACD1D6C0062E8FD /* StatusHeadlineView.swift in Sources */,
				710820692ACE553A0062E8FD /* AddTransactionView.swift in Sources */,
				710820502ACD25680062E8FD /* CategoryCardView.swift in Sources */,
				710820362ACCF6310062E8FD /* Budget_AppApp.swift in Sources */,
				710820652ACE1D4D0062E8FD /* HomeView.swift in Sources */,
				710820462ACD0A2A0062E8FD /* ViewExtensions.swift in Sources */,
				7108206E2ACE6ADB0062E8FD /* CategoriesViewModel.swift in Sources */,
				710820702ACE85DF0062E8FD /* AddCategoryView.swift in Sources */,
				710820442ACD06210062E8FD /* DatePickerView.swift in Sources */,
			);
			runOnlyForDeploymentPostprocessing = 0;
		};
/* End PBXSourcesBuildPhase section */

/* Begin XCBuildConfiguration section */
		7108203E2ACCF6330062E8FD /* Debug */ = {
			isa = XCBuildConfiguration;
			buildSettings = {
				ALWAYS_SEARCH_USER_PATHS = NO;
				ASSETCATALOG_COMPILER_GENERATE_SWIFT_ASSET_SYMBOL_EXTENSIONS = YES;
				CLANG_ANALYZER_NONNULL = YES;
				CLANG_ANALYZER_NUMBER_OBJECT_CONVERSION = YES_AGGRESSIVE;
				CLANG_CXX_LANGUAGE_STANDARD = "gnu++20";
				CLANG_ENABLE_MODULES = YES;
				CLANG_ENABLE_OBJC_ARC = YES;
				CLANG_ENABLE_OBJC_WEAK = YES;
				CLANG_WARN_BLOCK_CAPTURE_AUTORELEASING = YES;
				CLANG_WARN_BOOL_CONVERSION = YES;
				CLANG_WARN_COMMA = YES;
				CLANG_WARN_CONSTANT_CONVERSION = YES;
				CLANG_WARN_DEPRECATED_OBJC_IMPLEMENTATIONS = YES;
				CLANG_WARN_DIRECT_OBJC_ISA_USAGE = YES_ERROR;
				CLANG_WARN_DOCUMENTATION_COMMENTS = YES;
				CLANG_WARN_EMPTY_BODY = YES;
				CLANG_WARN_ENUM_CONVERSION = YES;
				CLANG_WARN_INFINITE_RECURSION = YES;
				CLANG_WARN_INT_CONVERSION = YES;
				CLANG_WARN_NON_LITERAL_NULL_CONVERSION = YES;
				CLANG_WARN_OBJC_IMPLICIT_RETAIN_SELF = YES;
				CLANG_WARN_OBJC_LITERAL_CONVERSION = YES;
				CLANG_WARN_OBJC_ROOT_CLASS = YES_ERROR;
				CLANG_WARN_QUOTED_INCLUDE_IN_FRAMEWORK_HEADER = YES;
				CLANG_WARN_RANGE_LOOP_ANALYSIS = YES;
				CLANG_WARN_STRICT_PROTOTYPES = YES;
				CLANG_WARN_SUSPICIOUS_MOVE = YES;
				CLANG_WARN_UNGUARDED_AVAILABILITY = YES_AGGRESSIVE;
				CLANG_WARN_UNREACHABLE_CODE = YES;
				CLANG_WARN__DUPLICATE_METHOD_MATCH = YES;
				COPY_PHASE_STRIP = NO;
				DEBUG_INFORMATION_FORMAT = dwarf;
				ENABLE_STRICT_OBJC_MSGSEND = YES;
				ENABLE_TESTABILITY = YES;
				ENABLE_USER_SCRIPT_SANDBOXING = YES;
				GCC_C_LANGUAGE_STANDARD = gnu17;
				GCC_DYNAMIC_NO_PIC = NO;
				GCC_NO_COMMON_BLOCKS = YES;
				GCC_OPTIMIZATION_LEVEL = 0;
				GCC_PREPROCESSOR_DEFINITIONS = (
					"DEBUG=1",
					"$(inherited)",
				);
				GCC_WARN_64_TO_32_BIT_CONVERSION = YES;
				GCC_WARN_ABOUT_RETURN_TYPE = YES_ERROR;
				GCC_WARN_UNDECLARED_SELECTOR = YES;
				GCC_WARN_UNINITIALIZED_AUTOS = YES_AGGRESSIVE;
				GCC_WARN_UNUSED_FUNCTION = YES;
				GCC_WARN_UNUSED_VARIABLE = YES;
				IPHONEOS_DEPLOYMENT_TARGET = 17.0;
				LOCALIZATION_PREFERS_STRING_CATALOGS = YES;
				MTL_ENABLE_DEBUG_INFO = INCLUDE_SOURCE;
				MTL_FAST_MATH = YES;
				ONLY_ACTIVE_ARCH = YES;
				SDKROOT = iphoneos;
				SWIFT_ACTIVE_COMPILATION_CONDITIONS = "DEBUG $(inherited)";
				SWIFT_OPTIMIZATION_LEVEL = "-Onone";
			};
			name = Debug;
		};
		7108203F2ACCF6330062E8FD /* Release */ = {
			isa = XCBuildConfiguration;
			buildSettings = {
				ALWAYS_SEARCH_USER_PATHS = NO;
				ASSETCATALOG_COMPILER_GENERATE_SWIFT_ASSET_SYMBOL_EXTENSIONS = YES;
				CLANG_ANALYZER_NONNULL = YES;
				CLANG_ANALYZER_NUMBER_OBJECT_CONVERSION = YES_AGGRESSIVE;
				CLANG_CXX_LANGUAGE_STANDARD = "gnu++20";
				CLANG_ENABLE_MODULES = YES;
				CLANG_ENABLE_OBJC_ARC = YES;
				CLANG_ENABLE_OBJC_WEAK = YES;
				CLANG_WARN_BLOCK_CAPTURE_AUTORELEASING = YES;
				CLANG_WARN_BOOL_CONVERSION = YES;
				CLANG_WARN_COMMA = YES;
				CLANG_WARN_CONSTANT_CONVERSION = YES;
				CLANG_WARN_DEPRECATED_OBJC_IMPLEMENTATIONS = YES;
				CLANG_WARN_DIRECT_OBJC_ISA_USAGE = YES_ERROR;
				CLANG_WARN_DOCUMENTATION_COMMENTS = YES;
				CLANG_WARN_EMPTY_BODY = YES;
				CLANG_WARN_ENUM_CONVERSION = YES;
				CLANG_WARN_INFINITE_RECURSION = YES;
				CLANG_WARN_INT_CONVERSION = YES;
				CLANG_WARN_NON_LITERAL_NULL_CONVERSION = YES;
				CLANG_WARN_OBJC_IMPLICIT_RETAIN_SELF = YES;
				CLANG_WARN_OBJC_LITERAL_CONVERSION = YES;
				CLANG_WARN_OBJC_ROOT_CLASS = YES_ERROR;
				CLANG_WARN_QUOTED_INCLUDE_IN_FRAMEWORK_HEADER = YES;
				CLANG_WARN_RANGE_LOOP_ANALYSIS = YES;
				CLANG_WARN_STRICT_PROTOTYPES = YES;
				CLANG_WARN_SUSPICIOUS_MOVE = YES;
				CLANG_WARN_UNGUARDED_AVAILABILITY = YES_AGGRESSIVE;
				CLANG_WARN_UNREACHABLE_CODE = YES;
				CLANG_WARN__DUPLICATE_METHOD_MATCH = YES;
				COPY_PHASE_STRIP = NO;
				DEBUG_INFORMATION_FORMAT = "dwarf-with-dsym";
				ENABLE_NS_ASSERTIONS = NO;
				ENABLE_STRICT_OBJC_MSGSEND = YES;
				ENABLE_USER_SCRIPT_SANDBOXING = YES;
				GCC_C_LANGUAGE_STANDARD = gnu17;
				GCC_NO_COMMON_BLOCKS = YES;
				GCC_WARN_64_TO_32_BIT_CONVERSION = YES;
				GCC_WARN_ABOUT_RETURN_TYPE = YES_ERROR;
				GCC_WARN_UNDECLARED_SELECTOR = YES;
				GCC_WARN_UNINITIALIZED_AUTOS = YES_AGGRESSIVE;
				GCC_WARN_UNUSED_FUNCTION = YES;
				GCC_WARN_UNUSED_VARIABLE = YES;
				IPHONEOS_DEPLOYMENT_TARGET = 17.0;
				LOCALIZATION_PREFERS_STRING_CATALOGS = YES;
				MTL_ENABLE_DEBUG_INFO = NO;
				MTL_FAST_MATH = YES;
				SDKROOT = iphoneos;
				SWIFT_COMPILATION_MODE = wholemodule;
				VALIDATE_PRODUCT = YES;
			};
			name = Release;
		};
		710820412ACCF6330062E8FD /* Debug */ = {
			isa = XCBuildConfiguration;
			buildSettings = {
				ASSETCATALOG_COMPILER_APPICON_NAME = AppIcon;
				ASSETCATALOG_COMPILER_GLOBAL_ACCENT_COLOR_NAME = AccentColor;
				CODE_SIGN_STYLE = Automatic;
				CURRENT_PROJECT_VERSION = 1;
				DEVELOPMENT_ASSET_PATHS = "\"Budget App/Preview Content\"";
				DEVELOPMENT_TEAM = 7VM5MRXF6F;
				ENABLE_PREVIEWS = YES;
				GENERATE_INFOPLIST_FILE = YES;
				INFOPLIST_KEY_UIApplicationSceneManifest_Generation = YES;
				INFOPLIST_KEY_UIApplicationSupportsIndirectInputEvents = YES;
				INFOPLIST_KEY_UILaunchScreen_Generation = YES;
				INFOPLIST_KEY_UISupportedInterfaceOrientations_iPad = "UIInterfaceOrientationPortrait UIInterfaceOrientationPortraitUpsideDown UIInterfaceOrientationLandscapeLeft UIInterfaceOrientationLandscapeRight";
				INFOPLIST_KEY_UISupportedInterfaceOrientations_iPhone = "UIInterfaceOrientationPortrait UIInterfaceOrientationLandscapeLeft UIInterfaceOrientationLandscapeRight";
				LD_RUNPATH_SEARCH_PATHS = (
					"$(inherited)",
					"@executable_path/Frameworks",
				);
				MARKETING_VERSION = 1.0;
				PRODUCT_BUNDLE_IDENTIFIER = "me.lewis.danielle.Budget-App";
				PRODUCT_NAME = "$(TARGET_NAME)";
				SWIFT_EMIT_LOC_STRINGS = YES;
				SWIFT_VERSION = 5.0;
				TARGETED_DEVICE_FAMILY = "1,2";
			};
			name = Debug;
		};
		710820422ACCF6330062E8FD /* Release */ = {
			isa = XCBuildConfiguration;
			buildSettings = {
				ASSETCATALOG_COMPILER_APPICON_NAME = AppIcon;
				ASSETCATALOG_COMPILER_GLOBAL_ACCENT_COLOR_NAME = AccentColor;
				CODE_SIGN_STYLE = Automatic;
				CURRENT_PROJECT_VERSION = 1;
				DEVELOPMENT_ASSET_PATHS = "\"Budget App/Preview Content\"";
				DEVELOPMENT_TEAM = 7VM5MRXF6F;
				ENABLE_PREVIEWS = YES;
				GENERATE_INFOPLIST_FILE = YES;
				INFOPLIST_KEY_UIApplicationSceneManifest_Generation = YES;
				INFOPLIST_KEY_UIApplicationSupportsIndirectInputEvents = YES;
				INFOPLIST_KEY_UILaunchScreen_Generation = YES;
				INFOPLIST_KEY_UISupportedInterfaceOrientations_iPad = "UIInterfaceOrientationPortrait UIInterfaceOrientationPortraitUpsideDown UIInterfaceOrientationLandscapeLeft UIInterfaceOrientationLandscapeRight";
				INFOPLIST_KEY_UISupportedInterfaceOrientations_iPhone = "UIInterfaceOrientationPortrait UIInterfaceOrientationLandscapeLeft UIInterfaceOrientationLandscapeRight";
				LD_RUNPATH_SEARCH_PATHS = (
					"$(inherited)",
					"@executable_path/Frameworks",
				);
				MARKETING_VERSION = 1.0;
				PRODUCT_BUNDLE_IDENTIFIER = "me.lewis.danielle.Budget-App";
				PRODUCT_NAME = "$(TARGET_NAME)";
				SWIFT_EMIT_LOC_STRINGS = YES;
				SWIFT_VERSION = 5.0;
				TARGETED_DEVICE_FAMILY = "1,2";
			};
			name = Release;
		};
/* End XCBuildConfiguration section */

/* Begin XCConfigurationList section */
		7108202D2ACCF6310062E8FD /* Build configuration list for PBXProject "Budget App" */ = {
			isa = XCConfigurationList;
			buildConfigurations = (
				7108203E2ACCF6330062E8FD /* Debug */,
				7108203F2ACCF6330062E8FD /* Release */,
			);
			defaultConfigurationIsVisible = 0;
			defaultConfigurationName = Release;
		};
		710820402ACCF6330062E8FD /* Build configuration list for PBXNativeTarget "Budget App" */ = {
			isa = XCConfigurationList;
			buildConfigurations = (
				710820412ACCF6330062E8FD /* Debug */,
				710820422ACCF6330062E8FD /* Release */,
			);
			defaultConfigurationIsVisible = 0;
			defaultConfigurationName = Release;
		};
/* End XCConfigurationList section */
	};
	rootObject = 7108202A2ACCF6310062E8FD /* Project object */;
}
